
Microsoft Visual Studio Solution File, Format Version 12.00
# Visual Studio Version 17
VisualStudioVersion = 17.6.33829.357
MinimumVisualStudioVersion = 10.0.40219.1
Project("{FAE04EC0-301F-11D3-BF4B-00C04F79EFBC}") = "ZeroHunger", "Zero Hunger\ZeroHunger.csproj", "{3B3EE087-6193-4B0A-B80C-ADC4D0F5BDF5}"
EndProject
Global
	GlobalSection(SolutionConfigurationPlatforms) = preSolution
		Debug|Any CPU = Debug|Any CPU
		Release|Any CPU = Release|Any CPU
	EndGlobalSection
	GlobalSection(ProjectConfigurationPlatforms) = postSolution
		{3B3EE087-6193-4B0A-B80C-ADC4D0F5BDF5}.Debug|Any CPU.ActiveCfg = Debug|Any CPU
		{3B3EE087-6193-4B0A-B80C-ADC4D0F5BDF5}.Debug|Any CPU.Build.0 = Debug|Any CPU
		{3B3EE087-6193-4B0A-B80C-ADC4D0F5BDF5}.Release|Any CPU.ActiveCfg = Release|Any CPU
		{3B3EE087-6193-4B0A-B80C-ADC4D0F5BDF5}.Release|Any CPU.Build.0 = Release|Any CPU
	EndGlobalSection
	GlobalSection(SolutionProperties) = preSolution
		HideSolutionNode = FALSE
	EndGlobalSection
	GlobalSection(ExtensibilityGlobals) = postSolution
		SolutionGuid = {60B583B9-D245-4307-95A7-EE683E1F5E00}
	EndGlobalSection
EndGlobal
